
Microsoft Visual Studio Solution File, Format Version 12.00
# Visual Studio Version 16
VisualStudioVersion = 16.0.31911.196
MinimumVisualStudioVersion = 10.0.40219.1
Project("{FAE04EC0-301F-11D3-BF4B-00C04F79EFBC}") = "zad1", "zad1\zad1.csproj", "{B8912B3C-A44D-4380-BD09-44D3F33D9A1A}"
EndProject
Project("{FAE04EC0-301F-11D3-BF4B-00C04F79EFBC}") = "zad2", "zad2\zad2.csproj", "{967FAFE3-84C6-45FE-A8A1-4BB78A5227E8}"
EndProject
Project("{FAE04EC0-301F-11D3-BF4B-00C04F79EFBC}") = "zad3", "zad3\zad3.csproj", "{6696FB49-3979-470F-A898-686E24B48D3F}"
EndProject
Global
	GlobalSection(SolutionConfigurationPlatforms) = preSolution
		Debug|Any CPU = Debug|Any CPU
		Release|Any CPU = Release|Any CPU
	EndGlobalSection
	GlobalSection(ProjectConfigurationPlatforms) = postSolution
		{B8912B3C-A44D-4380-BD09-44D3F33D9A1A}.Debug|Any CPU.ActiveCfg = Debug|Any CPU
		{B8912B3C-A44D-4380-BD09-44D3F33D9A1A}.Debug|Any CPU.Build.0 = Debug|Any CPU
		{B8912B3C-A44D-4380-BD09-44D3F33D9A1A}.Release|Any CPU.ActiveCfg = Release|Any CPU
		{B8912B3C-A44D-4380-BD09-44D3F33D9A1A}.Release|Any CPU.Build.0 = Release|Any CPU
		{967FAFE3-84C6-45FE-A8A1-4BB78A5227E8}.Debug|Any CPU.ActiveCfg = Debug|Any CPU
		{967FAFE3-84C6-45FE-A8A1-4BB78A5227E8}.Debug|Any CPU.Build.0 = Debug|Any CPU
		{967FAFE3-84C6-45FE-A8A1-4BB78A5227E8}.Release|Any CPU.ActiveCfg = Release|Any CPU
		{967FAFE3-84C6-45FE-A8A1-4BB78A5227E8}.Release|Any CPU.Build.0 = Release|Any CPU
		{6696FB49-3979-470F-A898-686E24B48D3F}.Debug|Any CPU.ActiveCfg = Debug|Any CPU
		{6696FB49-3979-470F-A898-686E24B48D3F}.Debug|Any CPU.Build.0 = Debug|Any CPU
		{6696FB49-3979-470F-A898-686E24B48D3F}.Release|Any CPU.ActiveCfg = Release|Any CPU
		{6696FB49-3979-470F-A898-686E24B48D3F}.Release|Any CPU.Build.0 = Release|Any CPU
	EndGlobalSection
	GlobalSection(SolutionProperties) = preSolution
		HideSolutionNode = FALSE
	EndGlobalSection
	GlobalSection(ExtensibilityGlobals) = postSolution
		SolutionGuid = {F708B080-DA96-44C6-89EA-9089A48D14B9}
	EndGlobalSection
EndGlobal
