
Microsoft Visual Studio Solution File, Format Version 12.00
# Visual Studio Version 16
VisualStudioVersion = 16.0.31911.196
MinimumVisualStudioVersion = 10.0.40219.1
Project("{FAE04EC0-301F-11D3-BF4B-00C04F79EFBC}") = "Pract4", "Pract4\Pract4.csproj", "{3643FE2B-3482-4C6B-9DEE-BBDA5E07B260}"
EndProject
Project("{FAE04EC0-301F-11D3-BF4B-00C04F79EFBC}") = "zad2", "zad2\zad2.csproj", "{43E37B51-7B92-4029-8FF5-02D2133C737D}"
EndProject
Project("{FAE04EC0-301F-11D3-BF4B-00C04F79EFBC}") = "zad3", "zad3\zad3.csproj", "{EAF79511-5EF8-417C-B089-29F6D0911437}"
EndProject
Global
	GlobalSection(SolutionConfigurationPlatforms) = preSolution
		Debug|Any CPU = Debug|Any CPU
		Release|Any CPU = Release|Any CPU
	EndGlobalSection
	GlobalSection(ProjectConfigurationPlatforms) = postSolution
		{3643FE2B-3482-4C6B-9DEE-BBDA5E07B260}.Debug|Any CPU.ActiveCfg = Debug|Any CPU
		{3643FE2B-3482-4C6B-9DEE-BBDA5E07B260}.Debug|Any CPU.Build.0 = Debug|Any CPU
		{3643FE2B-3482-4C6B-9DEE-BBDA5E07B260}.Release|Any CPU.ActiveCfg = Release|Any CPU
		{3643FE2B-3482-4C6B-9DEE-BBDA5E07B260}.Release|Any CPU.Build.0 = Release|Any CPU
		{43E37B51-7B92-4029-8FF5-02D2133C737D}.Debug|Any CPU.ActiveCfg = Debug|Any CPU
		{43E37B51-7B92-4029-8FF5-02D2133C737D}.Debug|Any CPU.Build.0 = Debug|Any CPU
		{43E37B51-7B92-4029-8FF5-02D2133C737D}.Release|Any CPU.ActiveCfg = Release|Any CPU
		{43E37B51-7B92-4029-8FF5-02D2133C737D}.Release|Any CPU.Build.0 = Release|Any CPU
		{EAF79511-5EF8-417C-B089-29F6D0911437}.Debug|Any CPU.ActiveCfg = Debug|Any CPU
		{EAF79511-5EF8-417C-B089-29F6D0911437}.Debug|Any CPU.Build.0 = Debug|Any CPU
		{EAF79511-5EF8-417C-B089-29F6D0911437}.Release|Any CPU.ActiveCfg = Release|Any CPU
		{EAF79511-5EF8-417C-B089-29F6D0911437}.Release|Any CPU.Build.0 = Release|Any CPU
	EndGlobalSection
	GlobalSection(SolutionProperties) = preSolution
		HideSolutionNode = FALSE
	EndGlobalSection
	GlobalSection(ExtensibilityGlobals) = postSolution
		SolutionGuid = {1048A0D1-6FF3-42C7-8E82-D93463A69A1A}
	EndGlobalSection
EndGlobal
