
Microsoft Visual Studio Solution File, Format Version 12.00
# Visual Studio Version 16
VisualStudioVersion = 16.0.31911.196
MinimumVisualStudioVersion = 10.0.40219.1
Project("{FAE04EC0-301F-11D3-BF4B-00C04F79EFBC}") = "pract3", "pract3\pract3.csproj", "{DD2B88C3-D777-4128-8ECA-33EAD3F2E6AB}"
EndProject
Project("{FAE04EC0-301F-11D3-BF4B-00C04F79EFBC}") = "zad2", "zad2\zad2.csproj", "{8B53ED66-3A1C-477B-8A2A-8337485D4DA3}"
EndProject
Project("{FAE04EC0-301F-11D3-BF4B-00C04F79EFBC}") = "zad3", "zad3\zad3.csproj", "{8722F8D6-52B6-43CC-B3D2-E33D1681BA43}"
EndProject
Project("{FAE04EC0-301F-11D3-BF4B-00C04F79EFBC}") = "zad4", "zad4\zad4.csproj", "{A0DF8CC1-C303-47AF-90E2-BA5E3AD0C540}"
EndProject
Project("{FAE04EC0-301F-11D3-BF4B-00C04F79EFBC}") = "zad5", "zad5\zad5.csproj", "{D7090FD2-61BA-4E33-9457-80D93B30C5E3}"
EndProject
Global
	GlobalSection(SolutionConfigurationPlatforms) = preSolution
		Debug|Any CPU = Debug|Any CPU
		Release|Any CPU = Release|Any CPU
	EndGlobalSection
	GlobalSection(ProjectConfigurationPlatforms) = postSolution
		{DD2B88C3-D777-4128-8ECA-33EAD3F2E6AB}.Debug|Any CPU.ActiveCfg = Debug|Any CPU
		{DD2B88C3-D777-4128-8ECA-33EAD3F2E6AB}.Debug|Any CPU.Build.0 = Debug|Any CPU
		{DD2B88C3-D777-4128-8ECA-33EAD3F2E6AB}.Release|Any CPU.ActiveCfg = Release|Any CPU
		{DD2B88C3-D777-4128-8ECA-33EAD3F2E6AB}.Release|Any CPU.Build.0 = Release|Any CPU
		{8B53ED66-3A1C-477B-8A2A-8337485D4DA3}.Debug|Any CPU.ActiveCfg = Debug|Any CPU
		{8B53ED66-3A1C-477B-8A2A-8337485D4DA3}.Debug|Any CPU.Build.0 = Debug|Any CPU
		{8B53ED66-3A1C-477B-8A2A-8337485D4DA3}.Release|Any CPU.ActiveCfg = Release|Any CPU
		{8B53ED66-3A1C-477B-8A2A-8337485D4DA3}.Release|Any CPU.Build.0 = Release|Any CPU
		{8722F8D6-52B6-43CC-B3D2-E33D1681BA43}.Debug|Any CPU.ActiveCfg = Debug|Any CPU
		{8722F8D6-52B6-43CC-B3D2-E33D1681BA43}.Debug|Any CPU.Build.0 = Debug|Any CPU
		{8722F8D6-52B6-43CC-B3D2-E33D1681BA43}.Release|Any CPU.ActiveCfg = Release|Any CPU
		{8722F8D6-52B6-43CC-B3D2-E33D1681BA43}.Release|Any CPU.Build.0 = Release|Any CPU
		{A0DF8CC1-C303-47AF-90E2-BA5E3AD0C540}.Debug|Any CPU.ActiveCfg = Debug|Any CPU
		{A0DF8CC1-C303-47AF-90E2-BA5E3AD0C540}.Debug|Any CPU.Build.0 = Debug|Any CPU
		{A0DF8CC1-C303-47AF-90E2-BA5E3AD0C540}.Release|Any CPU.ActiveCfg = Release|Any CPU
		{A0DF8CC1-C303-47AF-90E2-BA5E3AD0C540}.Release|Any CPU.Build.0 = Release|Any CPU
		{D7090FD2-61BA-4E33-9457-80D93B30C5E3}.Debug|Any CPU.ActiveCfg = Debug|Any CPU
		{D7090FD2-61BA-4E33-9457-80D93B30C5E3}.Debug|Any CPU.Build.0 = Debug|Any CPU
		{D7090FD2-61BA-4E33-9457-80D93B30C5E3}.Release|Any CPU.ActiveCfg = Release|Any CPU
		{D7090FD2-61BA-4E33-9457-80D93B30C5E3}.Release|Any CPU.Build.0 = Release|Any CPU
	EndGlobalSection
	GlobalSection(SolutionProperties) = preSolution
		HideSolutionNode = FALSE
	EndGlobalSection
	GlobalSection(ExtensibilityGlobals) = postSolution
		SolutionGuid = {0FBFA744-044F-4966-8496-3357E51C86D2}
	EndGlobalSection
EndGlobal
