
Microsoft Visual Studio Solution File, Format Version 12.00
# Visual Studio Version 16
VisualStudioVersion = 16.0.31911.196
MinimumVisualStudioVersion = 10.0.40219.1
Project("{9A19103F-16F7-4668-BE54-9A1E7A4F7556}") = "pract1", "pract1\pract1.csproj", "{2FF5CDF9-1695-4519-9213-08830D67E011}"
EndProject
Project("{9A19103F-16F7-4668-BE54-9A1E7A4F7556}") = "zad2", "zad2\zad2.csproj", "{69E0E7C6-2561-41B2-AED6-918DD0E27F2E}"
EndProject
Project("{9A19103F-16F7-4668-BE54-9A1E7A4F7556}") = "zad3", "zad3\zad3.csproj", "{7D23833C-B458-4ADC-A625-9AA034EBDAB0}"
EndProject
Project("{FAE04EC0-301F-11D3-BF4B-00C04F79EFBC}") = "zad4", "zad4\zad4.csproj", "{FA65DB5D-DDCB-44B4-A2E0-517C6CE7DBA5}"
EndProject
Project("{FAE04EC0-301F-11D3-BF4B-00C04F79EFBC}") = "zad5", "zad5\zad5.csproj", "{9050BF45-75D7-480D-8D10-720FDCEB83E6}"
EndProject
Project("{FAE04EC0-301F-11D3-BF4B-00C04F79EFBC}") = "zad6", "zad6\zad6.csproj", "{8D5A4FCB-8283-4C98-9C76-1D78EDE386B4}"
EndProject
Project("{FAE04EC0-301F-11D3-BF4B-00C04F79EFBC}") = "zad7_1", "zad7\zad7_1.csproj", "{0D442AD4-573B-445C-8A5A-FE1D2420A732}"
EndProject
Project("{FAE04EC0-301F-11D3-BF4B-00C04F79EFBC}") = "zad7_2", "zad7_2\zad7_2.csproj", "{35E1F68A-FD19-406C-951E-887C012FE71D}"
EndProject
Project("{FAE04EC0-301F-11D3-BF4B-00C04F79EFBC}") = "zad7_3", "zad7_3\zad7_3.csproj", "{DF789A3B-DAC4-41A9-BDB9-4F4BB50CFE02}"
EndProject
Project("{FAE04EC0-301F-11D3-BF4B-00C04F79EFBC}") = "zad8", "zad8\zad8.csproj", "{DEF5F5D9-92BB-4E6B-9706-7649D68B2589}"
EndProject
Project("{FAE04EC0-301F-11D3-BF4B-00C04F79EFBC}") = "zad9", "zad9\zad9.csproj", "{FD3305AD-4884-43E5-A86B-C190EB45AAEE}"
EndProject
Project("{FAE04EC0-301F-11D3-BF4B-00C04F79EFBC}") = "zad10", "zad10\zad10.csproj", "{798336AF-D839-4DCC-A4C6-8BAD92C56AD4}"
EndProject
Global
	GlobalSection(SolutionConfigurationPlatforms) = preSolution
		Debug|Any CPU = Debug|Any CPU
		Release|Any CPU = Release|Any CPU
	EndGlobalSection
	GlobalSection(ProjectConfigurationPlatforms) = postSolution
		{2FF5CDF9-1695-4519-9213-08830D67E011}.Debug|Any CPU.ActiveCfg = Debug|Any CPU
		{2FF5CDF9-1695-4519-9213-08830D67E011}.Debug|Any CPU.Build.0 = Debug|Any CPU
		{2FF5CDF9-1695-4519-9213-08830D67E011}.Release|Any CPU.ActiveCfg = Release|Any CPU
		{2FF5CDF9-1695-4519-9213-08830D67E011}.Release|Any CPU.Build.0 = Release|Any CPU
		{69E0E7C6-2561-41B2-AED6-918DD0E27F2E}.Debug|Any CPU.ActiveCfg = Debug|Any CPU
		{69E0E7C6-2561-41B2-AED6-918DD0E27F2E}.Debug|Any CPU.Build.0 = Debug|Any CPU
		{69E0E7C6-2561-41B2-AED6-918DD0E27F2E}.Release|Any CPU.ActiveCfg = Release|Any CPU
		{69E0E7C6-2561-41B2-AED6-918DD0E27F2E}.Release|Any CPU.Build.0 = Release|Any CPU
		{7D23833C-B458-4ADC-A625-9AA034EBDAB0}.Debug|Any CPU.ActiveCfg = Debug|Any CPU
		{7D23833C-B458-4ADC-A625-9AA034EBDAB0}.Debug|Any CPU.Build.0 = Debug|Any CPU
		{7D23833C-B458-4ADC-A625-9AA034EBDAB0}.Release|Any CPU.ActiveCfg = Release|Any CPU
		{7D23833C-B458-4ADC-A625-9AA034EBDAB0}.Release|Any CPU.Build.0 = Release|Any CPU
		{FA65DB5D-DDCB-44B4-A2E0-517C6CE7DBA5}.Debug|Any CPU.ActiveCfg = Debug|Any CPU
		{FA65DB5D-DDCB-44B4-A2E0-517C6CE7DBA5}.Debug|Any CPU.Build.0 = Debug|Any CPU
		{FA65DB5D-DDCB-44B4-A2E0-517C6CE7DBA5}.Release|Any CPU.ActiveCfg = Release|Any CPU
		{FA65DB5D-DDCB-44B4-A2E0-517C6CE7DBA5}.Release|Any CPU.Build.0 = Release|Any CPU
		{9050BF45-75D7-480D-8D10-720FDCEB83E6}.Debug|Any CPU.ActiveCfg = Debug|Any CPU
		{9050BF45-75D7-480D-8D10-720FDCEB83E6}.Debug|Any CPU.Build.0 = Debug|Any CPU
		{9050BF45-75D7-480D-8D10-720FDCEB83E6}.Release|Any CPU.ActiveCfg = Release|Any CPU
		{9050BF45-75D7-480D-8D10-720FDCEB83E6}.Release|Any CPU.Build.0 = Release|Any CPU
		{8D5A4FCB-8283-4C98-9C76-1D78EDE386B4}.Debug|Any CPU.ActiveCfg = Debug|Any CPU
		{8D5A4FCB-8283-4C98-9C76-1D78EDE386B4}.Debug|Any CPU.Build.0 = Debug|Any CPU
		{8D5A4FCB-8283-4C98-9C76-1D78EDE386B4}.Release|Any CPU.ActiveCfg = Release|Any CPU
		{8D5A4FCB-8283-4C98-9C76-1D78EDE386B4}.Release|Any CPU.Build.0 = Release|Any CPU
		{0D442AD4-573B-445C-8A5A-FE1D2420A732}.Debug|Any CPU.ActiveCfg = Debug|Any CPU
		{0D442AD4-573B-445C-8A5A-FE1D2420A732}.Debug|Any CPU.Build.0 = Debug|Any CPU
		{0D442AD4-573B-445C-8A5A-FE1D2420A732}.Release|Any CPU.ActiveCfg = Release|Any CPU
		{0D442AD4-573B-445C-8A5A-FE1D2420A732}.Release|Any CPU.Build.0 = Release|Any CPU
		{35E1F68A-FD19-406C-951E-887C012FE71D}.Debug|Any CPU.ActiveCfg = Debug|Any CPU
		{35E1F68A-FD19-406C-951E-887C012FE71D}.Debug|Any CPU.Build.0 = Debug|Any CPU
		{35E1F68A-FD19-406C-951E-887C012FE71D}.Release|Any CPU.ActiveCfg = Release|Any CPU
		{35E1F68A-FD19-406C-951E-887C012FE71D}.Release|Any CPU.Build.0 = Release|Any CPU
		{DF789A3B-DAC4-41A9-BDB9-4F4BB50CFE02}.Debug|Any CPU.ActiveCfg = Debug|Any CPU
		{DF789A3B-DAC4-41A9-BDB9-4F4BB50CFE02}.Debug|Any CPU.Build.0 = Debug|Any CPU
		{DF789A3B-DAC4-41A9-BDB9-4F4BB50CFE02}.Release|Any CPU.ActiveCfg = Release|Any CPU
		{DF789A3B-DAC4-41A9-BDB9-4F4BB50CFE02}.Release|Any CPU.Build.0 = Release|Any CPU
		{DEF5F5D9-92BB-4E6B-9706-7649D68B2589}.Debug|Any CPU.ActiveCfg = Debug|Any CPU
		{DEF5F5D9-92BB-4E6B-9706-7649D68B2589}.Debug|Any CPU.Build.0 = Debug|Any CPU
		{DEF5F5D9-92BB-4E6B-9706-7649D68B2589}.Release|Any CPU.ActiveCfg = Release|Any CPU
		{DEF5F5D9-92BB-4E6B-9706-7649D68B2589}.Release|Any CPU.Build.0 = Release|Any CPU
		{FD3305AD-4884-43E5-A86B-C190EB45AAEE}.Debug|Any CPU.ActiveCfg = Debug|Any CPU
		{FD3305AD-4884-43E5-A86B-C190EB45AAEE}.Debug|Any CPU.Build.0 = Debug|Any CPU
		{FD3305AD-4884-43E5-A86B-C190EB45AAEE}.Release|Any CPU.ActiveCfg = Release|Any CPU
		{FD3305AD-4884-43E5-A86B-C190EB45AAEE}.Release|Any CPU.Build.0 = Release|Any CPU
		{798336AF-D839-4DCC-A4C6-8BAD92C56AD4}.Debug|Any CPU.ActiveCfg = Debug|Any CPU
		{798336AF-D839-4DCC-A4C6-8BAD92C56AD4}.Debug|Any CPU.Build.0 = Debug|Any CPU
		{798336AF-D839-4DCC-A4C6-8BAD92C56AD4}.Release|Any CPU.ActiveCfg = Release|Any CPU
		{798336AF-D839-4DCC-A4C6-8BAD92C56AD4}.Release|Any CPU.Build.0 = Release|Any CPU
	EndGlobalSection
	GlobalSection(SolutionProperties) = preSolution
		HideSolutionNode = FALSE
	EndGlobalSection
	GlobalSection(ExtensibilityGlobals) = postSolution
		SolutionGuid = {E966E351-2DDD-47D9-9A2E-391677A7563B}
	EndGlobalSection
EndGlobal
