
Microsoft Visual Studio Solution File, Format Version 12.00
# Visual Studio Version 16
VisualStudioVersion = 16.0.31911.196
MinimumVisualStudioVersion = 10.0.40219.1
Project("{9A19103F-16F7-4668-BE54-9A1E7A4F7556}") = "zad1", "zad1\zad1.csproj", "{948D243E-A696-46B5-A4F9-F4601B89DC4F}"
EndProject
Project("{FAE04EC0-301F-11D3-BF4B-00C04F79EFBC}") = "zad2", "zad2\zad2.csproj", "{281E2EF6-B863-4CC1-95F8-B0575B7449AF}"
EndProject
Project("{FAE04EC0-301F-11D3-BF4B-00C04F79EFBC}") = "zad3", "zad3\zad3.csproj", "{76EE8224-736F-496A-8C27-79E66FF94B36}"
EndProject
Project("{FAE04EC0-301F-11D3-BF4B-00C04F79EFBC}") = "zad4", "zad4\zad4.csproj", "{CA7847A5-AE7C-4D10-B14C-F069DFFB256C}"
EndProject
Project("{FAE04EC0-301F-11D3-BF4B-00C04F79EFBC}") = "zad5", "zad5\zad5.csproj", "{37347944-C722-45A3-8D19-09A81069341F}"
EndProject
Global
	GlobalSection(SolutionConfigurationPlatforms) = preSolution
		Debug|Any CPU = Debug|Any CPU
		Release|Any CPU = Release|Any CPU
	EndGlobalSection
	GlobalSection(ProjectConfigurationPlatforms) = postSolution
		{948D243E-A696-46B5-A4F9-F4601B89DC4F}.Debug|Any CPU.ActiveCfg = Debug|Any CPU
		{948D243E-A696-46B5-A4F9-F4601B89DC4F}.Debug|Any CPU.Build.0 = Debug|Any CPU
		{948D243E-A696-46B5-A4F9-F4601B89DC4F}.Release|Any CPU.ActiveCfg = Release|Any CPU
		{948D243E-A696-46B5-A4F9-F4601B89DC4F}.Release|Any CPU.Build.0 = Release|Any CPU
		{281E2EF6-B863-4CC1-95F8-B0575B7449AF}.Debug|Any CPU.ActiveCfg = Debug|Any CPU
		{281E2EF6-B863-4CC1-95F8-B0575B7449AF}.Debug|Any CPU.Build.0 = Debug|Any CPU
		{281E2EF6-B863-4CC1-95F8-B0575B7449AF}.Release|Any CPU.ActiveCfg = Release|Any CPU
		{281E2EF6-B863-4CC1-95F8-B0575B7449AF}.Release|Any CPU.Build.0 = Release|Any CPU
		{76EE8224-736F-496A-8C27-79E66FF94B36}.Debug|Any CPU.ActiveCfg = Debug|Any CPU
		{76EE8224-736F-496A-8C27-79E66FF94B36}.Debug|Any CPU.Build.0 = Debug|Any CPU
		{76EE8224-736F-496A-8C27-79E66FF94B36}.Release|Any CPU.ActiveCfg = Release|Any CPU
		{76EE8224-736F-496A-8C27-79E66FF94B36}.Release|Any CPU.Build.0 = Release|Any CPU
		{CA7847A5-AE7C-4D10-B14C-F069DFFB256C}.Debug|Any CPU.ActiveCfg = Debug|Any CPU
		{CA7847A5-AE7C-4D10-B14C-F069DFFB256C}.Debug|Any CPU.Build.0 = Debug|Any CPU
		{CA7847A5-AE7C-4D10-B14C-F069DFFB256C}.Release|Any CPU.ActiveCfg = Release|Any CPU
		{CA7847A5-AE7C-4D10-B14C-F069DFFB256C}.Release|Any CPU.Build.0 = Release|Any CPU
		{37347944-C722-45A3-8D19-09A81069341F}.Debug|Any CPU.ActiveCfg = Debug|Any CPU
		{37347944-C722-45A3-8D19-09A81069341F}.Debug|Any CPU.Build.0 = Debug|Any CPU
		{37347944-C722-45A3-8D19-09A81069341F}.Release|Any CPU.ActiveCfg = Release|Any CPU
		{37347944-C722-45A3-8D19-09A81069341F}.Release|Any CPU.Build.0 = Release|Any CPU
	EndGlobalSection
	GlobalSection(SolutionProperties) = preSolution
		HideSolutionNode = FALSE
	EndGlobalSection
	GlobalSection(ExtensibilityGlobals) = postSolution
		SolutionGuid = {BDA07402-49AD-4B38-9D43-5B3255184550}
	EndGlobalSection
EndGlobal
