
Microsoft Visual Studio Solution File, Format Version 12.00
# Visual Studio Version 17
VisualStudioVersion = 17.1.32319.34
MinimumVisualStudioVersion = 10.0.40219.1
Project("{FAE04EC0-301F-11D3-BF4B-00C04F79EFBC}") = "задание 1", "задание 1\задание 1.csproj", "{9BCCB12B-A0BF-4056-8FA2-1D003FCD9D96}"
EndProject
Global
	GlobalSection(SolutionConfigurationPlatforms) = preSolution
		Debug|Any CPU = Debug|Any CPU
		Release|Any CPU = Release|Any CPU
	EndGlobalSection
	GlobalSection(ProjectConfigurationPlatforms) = postSolution
		{9BCCB12B-A0BF-4056-8FA2-1D003FCD9D96}.Debug|Any CPU.ActiveCfg = Debug|Any CPU
		{9BCCB12B-A0BF-4056-8FA2-1D003FCD9D96}.Debug|Any CPU.Build.0 = Debug|Any CPU
		{9BCCB12B-A0BF-4056-8FA2-1D003FCD9D96}.Release|Any CPU.ActiveCfg = Release|Any CPU
		{9BCCB12B-A0BF-4056-8FA2-1D003FCD9D96}.Release|Any CPU.Build.0 = Release|Any CPU
	EndGlobalSection
	GlobalSection(SolutionProperties) = preSolution
		HideSolutionNode = FALSE
	EndGlobalSection
	GlobalSection(ExtensibilityGlobals) = postSolution
		SolutionGuid = {E071F7BD-BC88-4217-8177-6F174C6CC9BC}
	EndGlobalSection
EndGlobal
