
Microsoft Visual Studio Solution File, Format Version 12.00
# Visual Studio Version 16
VisualStudioVersion = 16.0.32413.511
MinimumVisualStudioVersion = 10.0.40219.1
Project("{FAE04EC0-301F-11D3-BF4B-00C04F79EFBC}") = "1", "1\1.csproj", "{62AF82CB-D90D-406E-9CD4-BF2D51B0C8D8}"
EndProject
Project("{FAE04EC0-301F-11D3-BF4B-00C04F79EFBC}") = "2", "2\2.csproj", "{8BE4DE78-D0FF-4950-AB8E-F5FEDC79535A}"
EndProject
Project("{FAE04EC0-301F-11D3-BF4B-00C04F79EFBC}") = "3", "3\3.csproj", "{57A3DE80-A13C-4CB1-B675-73C6B8628C3F}"
EndProject
Global
	GlobalSection(SolutionConfigurationPlatforms) = preSolution
		Debug|Any CPU = Debug|Any CPU
		Release|Any CPU = Release|Any CPU
	EndGlobalSection
	GlobalSection(ProjectConfigurationPlatforms) = postSolution
		{62AF82CB-D90D-406E-9CD4-BF2D51B0C8D8}.Debug|Any CPU.ActiveCfg = Debug|Any CPU
		{62AF82CB-D90D-406E-9CD4-BF2D51B0C8D8}.Debug|Any CPU.Build.0 = Debug|Any CPU
		{62AF82CB-D90D-406E-9CD4-BF2D51B0C8D8}.Release|Any CPU.ActiveCfg = Release|Any CPU
		{62AF82CB-D90D-406E-9CD4-BF2D51B0C8D8}.Release|Any CPU.Build.0 = Release|Any CPU
		{8BE4DE78-D0FF-4950-AB8E-F5FEDC79535A}.Debug|Any CPU.ActiveCfg = Debug|Any CPU
		{8BE4DE78-D0FF-4950-AB8E-F5FEDC79535A}.Debug|Any CPU.Build.0 = Debug|Any CPU
		{8BE4DE78-D0FF-4950-AB8E-F5FEDC79535A}.Release|Any CPU.ActiveCfg = Release|Any CPU
		{8BE4DE78-D0FF-4950-AB8E-F5FEDC79535A}.Release|Any CPU.Build.0 = Release|Any CPU
		{57A3DE80-A13C-4CB1-B675-73C6B8628C3F}.Debug|Any CPU.ActiveCfg = Debug|Any CPU
		{57A3DE80-A13C-4CB1-B675-73C6B8628C3F}.Debug|Any CPU.Build.0 = Debug|Any CPU
		{57A3DE80-A13C-4CB1-B675-73C6B8628C3F}.Release|Any CPU.ActiveCfg = Release|Any CPU
		{57A3DE80-A13C-4CB1-B675-73C6B8628C3F}.Release|Any CPU.Build.0 = Release|Any CPU
	EndGlobalSection
	GlobalSection(SolutionProperties) = preSolution
		HideSolutionNode = FALSE
	EndGlobalSection
	GlobalSection(ExtensibilityGlobals) = postSolution
		SolutionGuid = {3B512F35-67C8-4999-8F88-20CA40E214EE}
	EndGlobalSection
EndGlobal
