
Microsoft Visual Studio Solution File, Format Version 12.00
# Visual Studio Version 16
VisualStudioVersion = 16.0.31911.196
MinimumVisualStudioVersion = 10.0.40219.1
Project("{FAE04EC0-301F-11D3-BF4B-00C04F79EFBC}") = "pract2", "pract2\pract2.csproj", "{19A7F11D-11F9-407A-A041-BFDF96F05DF9}"
EndProject
Project("{FAE04EC0-301F-11D3-BF4B-00C04F79EFBC}") = "zad2", "zad2\zad2.csproj", "{ED9BDCB4-04C6-49B4-9DCC-9D9EB8DFFA73}"
EndProject
Project("{FAE04EC0-301F-11D3-BF4B-00C04F79EFBC}") = "zad3", "zad3\zad3.csproj", "{AF85FF69-7177-4E98-AC2A-8B9D735016CE}"
EndProject
Global
	GlobalSection(SolutionConfigurationPlatforms) = preSolution
		Debug|Any CPU = Debug|Any CPU
		Release|Any CPU = Release|Any CPU
	EndGlobalSection
	GlobalSection(ProjectConfigurationPlatforms) = postSolution
		{19A7F11D-11F9-407A-A041-BFDF96F05DF9}.Debug|Any CPU.ActiveCfg = Debug|Any CPU
		{19A7F11D-11F9-407A-A041-BFDF96F05DF9}.Debug|Any CPU.Build.0 = Debug|Any CPU
		{19A7F11D-11F9-407A-A041-BFDF96F05DF9}.Release|Any CPU.ActiveCfg = Release|Any CPU
		{19A7F11D-11F9-407A-A041-BFDF96F05DF9}.Release|Any CPU.Build.0 = Release|Any CPU
		{ED9BDCB4-04C6-49B4-9DCC-9D9EB8DFFA73}.Debug|Any CPU.ActiveCfg = Debug|Any CPU
		{ED9BDCB4-04C6-49B4-9DCC-9D9EB8DFFA73}.Debug|Any CPU.Build.0 = Debug|Any CPU
		{ED9BDCB4-04C6-49B4-9DCC-9D9EB8DFFA73}.Release|Any CPU.ActiveCfg = Release|Any CPU
		{ED9BDCB4-04C6-49B4-9DCC-9D9EB8DFFA73}.Release|Any CPU.Build.0 = Release|Any CPU
		{AF85FF69-7177-4E98-AC2A-8B9D735016CE}.Debug|Any CPU.ActiveCfg = Debug|Any CPU
		{AF85FF69-7177-4E98-AC2A-8B9D735016CE}.Debug|Any CPU.Build.0 = Debug|Any CPU
		{AF85FF69-7177-4E98-AC2A-8B9D735016CE}.Release|Any CPU.ActiveCfg = Release|Any CPU
		{AF85FF69-7177-4E98-AC2A-8B9D735016CE}.Release|Any CPU.Build.0 = Release|Any CPU
	EndGlobalSection
	GlobalSection(SolutionProperties) = preSolution
		HideSolutionNode = FALSE
	EndGlobalSection
	GlobalSection(ExtensibilityGlobals) = postSolution
		SolutionGuid = {62E23582-4C07-4435-98EF-150F88666909}
	EndGlobalSection
EndGlobal
